<Solution>
  <Folder Name="/Solution Items/">
    <File Path=".editorconfig" />
    <File Path="Directory.Build.props" />
    <File Path="global.json" />
    <File Path="NuGet.Config" />
  </Folder>
  <Project Path="BcsSharp.Benchmarks/BcsSharp.Benchmarks.csproj" />
  <Project Path="BcsSharp.Core/BcsSharp.Core.csproj" />
  <Project Path="BcsSharp.Tests/BcsSharp.Tests.csproj" />
</Solution>
