
Microsoft Visual Studio Solution File, Format Version 12.00
# Visual Studio Version 17
VisualStudioVersion = 17.0.31903.59
MinimumVisualStudioVersion = 10.0.40219.1
Project("{FAE04EC0-301F-11D3-BF4B-00C04F79EFBC}") = "BcsSharp.Core", "BcsSharp.Core\BcsSharp.Core.csproj", "{C9B0F2BE-F133-4B5C-A7D3-A2DCB00027AB}"
EndProject
Project("{FAE04EC0-301F-11D3-BF4B-00C04F79EFBC}") = "BcsSharp.Tests", "BcsSharp.Tests\BcsSharp.Tests.csproj", "{7C200A4D-94AE-4B6C-B3DE-DA3796548054}"
EndProject
Project("{FAE04EC0-301F-11D3-BF4B-00C04F79EFBC}") = "BcsSharp.Benchmarks", "BcsSharp.Benchmarks\BcsSharp.Benchmarks.csproj", "{A02DAF0B-4C83-AB29-88A2-0B36018AE20F}"
EndProject
Project("{FAE04EC0-301F-11D3-BF4B-00C04F79EFBC}") = "BcsSharp.SourceGenerator", "BcsSharp.SourceGenerator\BcsSharp.SourceGenerator.csproj", "{0E214FF5-AC42-4C87-B5AE-00AB01300EBC}"
EndProject
Global
	GlobalSection(SolutionConfigurationPlatforms) = preSolution
		Debug|Any CPU = Debug|Any CPU
		Debug|x64 = Debug|x64
		Debug|x86 = Debug|x86
		Release|Any CPU = Release|Any CPU
		Release|x64 = Release|x64
		Release|x86 = Release|x86
	EndGlobalSection
	GlobalSection(ProjectConfigurationPlatforms) = postSolution
		{C9B0F2BE-F133-4B5C-A7D3-A2DCB00027AB}.Debug|Any CPU.ActiveCfg = Debug|Any CPU
		{C9B0F2BE-F133-4B5C-A7D3-A2DCB00027AB}.Debug|Any CPU.Build.0 = Debug|Any CPU
		{C9B0F2BE-F133-4B5C-A7D3-A2DCB00027AB}.Debug|x64.ActiveCfg = Debug|Any CPU
		{C9B0F2BE-F133-4B5C-A7D3-A2DCB00027AB}.Debug|x64.Build.0 = Debug|Any CPU
		{C9B0F2BE-F133-4B5C-A7D3-A2DCB00027AB}.Debug|x86.ActiveCfg = Debug|Any CPU
		{C9B0F2BE-F133-4B5C-A7D3-A2DCB00027AB}.Debug|x86.Build.0 = Debug|Any CPU
		{C9B0F2BE-F133-4B5C-A7D3-A2DCB00027AB}.Release|Any CPU.ActiveCfg = Release|Any CPU
		{C9B0F2BE-F133-4B5C-A7D3-A2DCB00027AB}.Release|Any CPU.Build.0 = Release|Any CPU
		{C9B0F2BE-F133-4B5C-A7D3-A2DCB00027AB}.Release|x64.ActiveCfg = Release|Any CPU
		{C9B0F2BE-F133-4B5C-A7D3-A2DCB00027AB}.Release|x64.Build.0 = Release|Any CPU
		{C9B0F2BE-F133-4B5C-A7D3-A2DCB00027AB}.Release|x86.ActiveCfg = Release|Any CPU
		{C9B0F2BE-F133-4B5C-A7D3-A2DCB00027AB}.Release|x86.Build.0 = Release|Any CPU
		{7C200A4D-94AE-4B6C-B3DE-DA3796548054}.Debug|Any CPU.ActiveCfg = Debug|Any CPU
		{7C200A4D-94AE-4B6C-B3DE-DA3796548054}.Debug|Any CPU.Build.0 = Debug|Any CPU
		{7C200A4D-94AE-4B6C-B3DE-DA3796548054}.Debug|x64.ActiveCfg = Debug|Any CPU
		{7C200A4D-94AE-4B6C-B3DE-DA3796548054}.Debug|x64.Build.0 = Debug|Any CPU
		{7C200A4D-94AE-4B6C-B3DE-DA3796548054}.Debug|x86.ActiveCfg = Debug|Any CPU
		{7C200A4D-94AE-4B6C-B3DE-DA3796548054}.Debug|x86.Build.0 = Debug|Any CPU
		{7C200A4D-94AE-4B6C-B3DE-DA3796548054}.Release|Any CPU.ActiveCfg = Release|Any CPU
		{7C200A4D-94AE-4B6C-B3DE-DA3796548054}.Release|Any CPU.Build.0 = Release|Any CPU
		{7C200A4D-94AE-4B6C-B3DE-DA3796548054}.Release|x64.ActiveCfg = Release|Any CPU
		{7C200A4D-94AE-4B6C-B3DE-DA3796548054}.Release|x64.Build.0 = Release|Any CPU
		{7C200A4D-94AE-4B6C-B3DE-DA3796548054}.Release|x86.ActiveCfg = Release|Any CPU
		{7C200A4D-94AE-4B6C-B3DE-DA3796548054}.Release|x86.Build.0 = Release|Any CPU
		{A02DAF0B-4C83-AB29-88A2-0B36018AE20F}.Debug|Any CPU.ActiveCfg = Debug|Any CPU
		{A02DAF0B-4C83-AB29-88A2-0B36018AE20F}.Debug|Any CPU.Build.0 = Debug|Any CPU
		{A02DAF0B-4C83-AB29-88A2-0B36018AE20F}.Debug|x64.ActiveCfg = Debug|Any CPU
		{A02DAF0B-4C83-AB29-88A2-0B36018AE20F}.Debug|x64.Build.0 = Debug|Any CPU
		{A02DAF0B-4C83-AB29-88A2-0B36018AE20F}.Debug|x86.ActiveCfg = Debug|Any CPU
		{A02DAF0B-4C83-AB29-88A2-0B36018AE20F}.Debug|x86.Build.0 = Debug|Any CPU
		{A02DAF0B-4C83-AB29-88A2-0B36018AE20F}.Release|Any CPU.ActiveCfg = Release|Any CPU
		{A02DAF0B-4C83-AB29-88A2-0B36018AE20F}.Release|Any CPU.Build.0 = Release|Any CPU
		{A02DAF0B-4C83-AB29-88A2-0B36018AE20F}.Release|x64.ActiveCfg = Release|Any CPU
		{A02DAF0B-4C83-AB29-88A2-0B36018AE20F}.Release|x64.Build.0 = Release|Any CPU
		{A02DAF0B-4C83-AB29-88A2-0B36018AE20F}.Release|x86.ActiveCfg = Release|Any CPU
		{A02DAF0B-4C83-AB29-88A2-0B36018AE20F}.Release|x86.Build.0 = Release|Any CPU
		{0E214FF5-AC42-4C87-B5AE-00AB01300EBC}.Debug|Any CPU.ActiveCfg = Debug|Any CPU
		{0E214FF5-AC42-4C87-B5AE-00AB01300EBC}.Debug|Any CPU.Build.0 = Debug|Any CPU
		{0E214FF5-AC42-4C87-B5AE-00AB01300EBC}.Debug|x64.ActiveCfg = Debug|Any CPU
		{0E214FF5-AC42-4C87-B5AE-00AB01300EBC}.Debug|x64.Build.0 = Debug|Any CPU
		{0E214FF5-AC42-4C87-B5AE-00AB01300EBC}.Debug|x86.ActiveCfg = Debug|Any CPU
		{0E214FF5-AC42-4C87-B5AE-00AB01300EBC}.Debug|x86.Build.0 = Debug|Any CPU
		{0E214FF5-AC42-4C87-B5AE-00AB01300EBC}.Release|Any CPU.ActiveCfg = Release|Any CPU
		{0E214FF5-AC42-4C87-B5AE-00AB01300EBC}.Release|Any CPU.Build.0 = Release|Any CPU
		{0E214FF5-AC42-4C87-B5AE-00AB01300EBC}.Release|x64.ActiveCfg = Release|Any CPU
		{0E214FF5-AC42-4C87-B5AE-00AB01300EBC}.Release|x64.Build.0 = Release|Any CPU
		{0E214FF5-AC42-4C87-B5AE-00AB01300EBC}.Release|x86.ActiveCfg = Release|Any CPU
		{0E214FF5-AC42-4C87-B5AE-00AB01300EBC}.Release|x86.Build.0 = Release|Any CPU
	EndGlobalSection
	GlobalSection(SolutionProperties) = preSolution
		HideSolutionNode = FALSE
	EndGlobalSection
	GlobalSection(ExtensibilityGlobals) = postSolution
		SolutionGuid = {59AAD3DA-0306-449C-B86E-568FC76C67A5}
	EndGlobalSection
EndGlobal
